
Microsoft Visual Studio Solution File, Format Version 12.00
# Visual Studio Version 17
VisualStudioVersion = 17.9.34728.123
MinimumVisualStudioVersion = 10.0.40219.1
Project("{FAE04EC0-301F-11D3-BF4B-00C04F79EFBC}") = "webApi_Net8", "webApi_Net8.csproj", "{0443EBE6-2FF5-4F4E-B084-83C4526072DF}"
EndProject
Global
	GlobalSection(SolutionConfigurationPlatforms) = preSolution
		Debug|Any CPU = Debug|Any CPU
		Release|Any CPU = Release|Any CPU
	EndGlobalSection
	GlobalSection(ProjectConfigurationPlatforms) = postSolution
		{0443EBE6-2FF5-4F4E-B084-83C4526072DF}.Debug|Any CPU.ActiveCfg = Debug|Any CPU
		{0443EBE6-2FF5-4F4E-B084-83C4526072DF}.Debug|Any CPU.Build.0 = Debug|Any CPU
		{0443EBE6-2FF5-4F4E-B084-83C4526072DF}.Release|Any CPU.ActiveCfg = Release|Any CPU
		{0443EBE6-2FF5-4F4E-B084-83C4526072DF}.Release|Any CPU.Build.0 = Release|Any CPU
	EndGlobalSection
	GlobalSection(SolutionProperties) = preSolution
		HideSolutionNode = FALSE
	EndGlobalSection
	GlobalSection(ExtensibilityGlobals) = postSolution
		SolutionGuid = {00BC3544-8A97-4B28-A9E7-2E4E4B0A27D4}
	EndGlobalSection
EndGlobal
